
Microsoft Visual Studio Solution File, Format Version 12.00
# Visual Studio Version 16
VisualStudioVersion = 16.0.30204.135
MinimumVisualStudioVersion = 10.0.40219.1
Project("{FAE04EC0-301F-11D3-BF4B-00C04F79EFBC}") = "Ex_LletresRepetides_Net", "Ex_LletresRepetides_Net\Ex_LletresRepetides_Net.csproj", "{133C7A65-083F-462C-AF8A-EB822F384F6D}"
EndProject
Global
	GlobalSection(SolutionConfigurationPlatforms) = preSolution
		Debug|Any CPU = Debug|Any CPU
		Release|Any CPU = Release|Any CPU
	EndGlobalSection
	GlobalSection(ProjectConfigurationPlatforms) = postSolution
		{133C7A65-083F-462C-AF8A-EB822F384F6D}.Debug|Any CPU.ActiveCfg = Debug|Any CPU
		{133C7A65-083F-462C-AF8A-EB822F384F6D}.Debug|Any CPU.Build.0 = Debug|Any CPU
		{133C7A65-083F-462C-AF8A-EB822F384F6D}.Release|Any CPU.ActiveCfg = Release|Any CPU
		{133C7A65-083F-462C-AF8A-EB822F384F6D}.Release|Any CPU.Build.0 = Release|Any CPU
	EndGlobalSection
	GlobalSection(SolutionProperties) = preSolution
		HideSolutionNode = FALSE
	EndGlobalSection
	GlobalSection(ExtensibilityGlobals) = postSolution
		SolutionGuid = {9B69C10E-116D-44E3-B6DE-ACF4E43D724D}
	EndGlobalSection
EndGlobal
